
Microsoft Visual Studio Solution File, Format Version 12.00
# Visual Studio Version 16
VisualStudioVersion = 16.0.29926.136
MinimumVisualStudioVersion = 10.0.40219.1
Project("{FAE04EC0-301F-11D3-BF4B-00C04F79EFBC}") = "MyShopSolution.WebApp", "MyShopSolution.WebApp\MyShopSolution.WebApp.csproj", "{B434A86E-10DA-4452-B497-D136CC447F29}"
EndProject
Global
	GlobalSection(SolutionConfigurationPlatforms) = preSolution
		Debug|Any CPU = Debug|Any CPU
		Release|Any CPU = Release|Any CPU
	EndGlobalSection
	GlobalSection(ProjectConfigurationPlatforms) = postSolution
		{B434A86E-10DA-4452-B497-D136CC447F29}.Debug|Any CPU.ActiveCfg = Debug|Any CPU
		{B434A86E-10DA-4452-B497-D136CC447F29}.Debug|Any CPU.Build.0 = Debug|Any CPU
		{B434A86E-10DA-4452-B497-D136CC447F29}.Release|Any CPU.ActiveCfg = Release|Any CPU
		{B434A86E-10DA-4452-B497-D136CC447F29}.Release|Any CPU.Build.0 = Release|Any CPU
	EndGlobalSection
	GlobalSection(SolutionProperties) = preSolution
		HideSolutionNode = FALSE
	EndGlobalSection
	GlobalSection(ExtensibilityGlobals) = postSolution
		SolutionGuid = {993EFE57-CE0D-4DFE-9373-7A1DB9F1F1CA}
	EndGlobalSection
EndGlobal
